<?xml version="1.0" encoding="utf-8"?>
<Project ToolsVersion="4.0" xmlns="http://schemas.microsoft.com/developer/msbuild/2003">
  <ItemGroup>
    <Filter Include="Source Files">
      <UniqueIdentifier>{4FC737F1-C7A5-4376-A066-2A32D752A2FF}</UniqueIdentifier>
      <Extensions>cpp;c;cc;cxx;c++;def;odl;idl;hpj;bat;asm;asmx</Extensions>
    </Filter>
    <Filter Include="Header Files">
      <UniqueIdentifier>{93995380-89BD-4b04-88EB-625FBE52EBFB}</UniqueIdentifier>
      <Extensions>h;hh;hpp;hxx;h++;hm;inl;inc;ipp;xsd</Extensions>
    </Filter>
    <Filter Include="Resource Files">
      <UniqueIdentifier>{67DA6AB6-F800-4c08-8B7A-83BB121AAD01}</UniqueIdentifier>
      <Extensions>rc;ico;cur;bmp;dlg;rc2;rct;bin;rgs;gif;jpg;jpeg;jpe;resx;tiff;tif;png;wav;mfcribbon-ms</Extensions>
    </Filter>
    <Filter Include="shaders">
      <UniqueIdentifier>{55b20539-1046-4562-b641-27a8330f8350}</UniqueIdentifier>
    </Filter>
    <Filter Include="Patterns">
      <UniqueIdentifier>{742581a1-759b-48d0-a1ca-af600dab9dec}</UniqueIdentifier>
    </Filter>
    <Filter Include="D3D12Wrappers">
      <UniqueIdentifier>{f93d187e-829a-434f-8846-707dc11d16a4}</UniqueIdentifier>
    </Filter>
    <Filter Include="imGUI">
      <UniqueIdentifier>{095794c2-b94d-4941-b977-c27d3cb03100}</UniqueIdentifier>
    </Filter>
  </ItemGroup>
  <ItemGroup>
    <ClCompile Include="main.cc">
      <Filter>Source Files</Filter>
    </ClCompile>
    <ClCompile Include="imgui.cpp">
      <Filter>imGUI</Filter>
    </ClCompile>
    <ClCompile Include="imgui_demo.cpp">
      <Filter>imGUI</Filter>
    </ClCompile>
    <ClCompile Include="imgui_draw.cpp">
      <Filter>imGUI</Filter>
    </ClCompile>
    <ClCompile Include="imgui_widgets.cpp">
      <Filter>imGUI</Filter>
    </ClCompile>
    <ClCompile Include="imgui_impl_dx12.cpp">
      <Filter>imGUI</Filter>
    </ClCompile>
    <ClCompile Include="imgui_impl_win32.cpp">
      <Filter>imGUI</Filter>
    </ClCompile>
  </ItemGroup>
  <ItemGroup>
    <ClInclude Include="common.h">
      <Filter>Header Files</Filter>
    </ClInclude>
    <ClInclude Include="ScreenQuad.h">
      <Filter>Patterns</Filter>
    </ClInclude>
    <ClInclude Include="DescriptorHeap.h">
      <Filter>D3D12Wrappers</Filter>
    </ClInclude>
    <ClInclude Include="RGBAImage.h">
      <Filter>Header Files</Filter>
    </ClInclude>
    <ClInclude Include="InputHelper.h">
      <Filter>Header Files</Filter>
    </ClInclude>
    <ClInclude Include="Camera.h">
      <Filter>Header Files</Filter>
    </ClInclude>
    <ClInclude Include="Skymap.h">
      <Filter>Patterns</Filter>
    </ClInclude>
    <ClInclude Include="Wormhole.h">
      <Filter>Header Files</Filter>
    </ClInclude>
    <ClInclude Include="WormholeRender.h">
      <Filter>Patterns</Filter>
    </ClInclude>
    <ClInclude Include="imconfig.h">
      <Filter>imGUI</Filter>
    </ClInclude>
    <ClInclude Include="imgui.h">
      <Filter>imGUI</Filter>
    </ClInclude>
    <ClInclude Include="imgui_internal.h">
      <Filter>imGUI</Filter>
    </ClInclude>
    <ClInclude Include="imstb_rectpack.h">
      <Filter>imGUI</Filter>
    </ClInclude>
    <ClInclude Include="imstb_textedit.h">
      <Filter>imGUI</Filter>
    </ClInclude>
    <ClInclude Include="imstb_truetype.h">
      <Filter>imGUI</Filter>
    </ClInclude>
    <ClInclude Include="imgui_impl_dx12.h">
      <Filter>imGUI</Filter>
    </ClInclude>
    <ClInclude Include="imgui_impl_win32.h">
      <Filter>imGUI</Filter>
    </ClInclude>
  </ItemGroup>
  <ItemGroup>
    <FxCompile Include="screen_quad_vs.hlsl">
      <Filter>shaders</Filter>
    </FxCompile>
    <FxCompile Include="screen_quad_ps.hlsl">
      <Filter>shaders</Filter>
    </FxCompile>
    <FxCompile Include="skymap_panoramic_render.hlsl">
      <Filter>shaders</Filter>
    </FxCompile>
    <FxCompile Include="wormhole.hlsl">
      <Filter>shaders</Filter>
    </FxCompile>
    <FxCompile Include="equatorial_phi_mapping.hlsl">
      <Filter>shaders</Filter>
    </FxCompile>
  </ItemGroup>
  <ItemGroup>
    <None Include="skymap_panoramic.hlsli">
      <Filter>shaders</Filter>
    </None>
    <None Include="matrix_ops.hlsli">
      <Filter>shaders</Filter>
    </None>
    <None Include="runge_kutta.hlsli">
      <Filter>shaders</Filter>
    </None>
    <None Include="README.md" />
  </ItemGroup>
</Project>